// !$*UTF8*$!
{
	archiveVersion = 1;
	classes = {
	};
	objectVersion = 50;
	objects = {

/* Begin PBXBuildFile section */
		8A3D972E2212800000B67BC0 /* RatingControl.swift in Sources */ = {isa = PBXBuildFile; fileRef = 8A3D972D2212800000B67BC0 /* RatingControl.swift */; };
		8AC9B4F62211BB3D006B83AC /* AppDelegate.swift in Sources */ = {isa = PBXBuildFile; fileRef = 8AC9B4F52211BB3D006B83AC /* AppDelegate.swift */; };
		8AC9B4F82211BB3D006B83AC /* ViewController.swift in Sources */ = {isa = PBXBuildFile; fileRef = 8AC9B4F72211BB3D006B83AC /* ViewController.swift */; };
		8AC9B4FB2211BB3D006B83AC /* Main.storyboard in Resources */ = {isa = PBXBuildFile; fileRef = 8AC9B4F92211BB3D006B83AC /* Main.storyboard */; };
		8AC9B4FD2211BB3F006B83AC /* Assets.xcassets in Resources */ = {isa = PBXBuildFile; fileRef = 8AC9B4FC2211BB3F006B83AC /* Assets.xcassets */; };
		8AC9B5002211BB3F006B83AC /* LaunchScreen.storyboard in Resources */ = {isa = PBXBuildFile; fileRef = 8AC9B4FE2211BB3F006B83AC /* LaunchScreen.storyboard */; };
/* End PBXBuildFile section */

/* Begin PBXFileReference section */
		8A3D972D2212800000B67BC0 /* RatingControl.swift */ = {isa = PBXFileReference; lastKnownFileType = sourcecode.swift; path = RatingControl.swift; sourceTree = "<group>"; };
		8AC9B4F22211BB3D006B83AC /* tutorialPractice.app */ = {isa = PBXFileReference; explicitFileType = wrapper.application; includeInIndex = 0; path = tutorialPractice.app; sourceTree = BUILT_PRODUCTS_DIR; };
		8AC9B4F52211BB3D006B83AC /* AppDelegate.swift */ = {isa = PBXFileReference; lastKnownFileType = sourcecode.swift; path = AppDelegate.swift; sourceTree = "<group>"; };
		8AC9B4F72211BB3D006B83AC /* ViewController.swift */ = {isa = PBXFileReference; lastKnownFileType = sourcecode.swift; path = ViewController.swift; sourceTree = "<group>"; };
		8AC9B4FA2211BB3D006B83AC /* Base */ = {isa = PBXFileReference; lastKnownFileType = file.storyboard; name = Base; path = Base.lproj/Main.storyboard; sourceTree = "<group>"; };
		8AC9B4FC2211BB3F006B83AC /* Assets.xcassets */ = {isa = PBXFileReference; lastKnownFileType = folder.assetcatalog; path = Assets.xcassets; sourceTree = "<group>"; };
		8AC9B4FF2211BB3F006B83AC /* Base */ = {isa = PBXFileReference; lastKnownFileType = file.storyboard; name = Base; path = Base.lproj/LaunchScreen.storyboard; sourceTree = "<group>"; };
		8AC9B5012211BB3F006B83AC /* Info.plist */ = {isa = PBXFileReference; lastKnownFileType = text.plist.xml; path = Info.plist; sourceTree = "<group>"; };
/* End PBXFileReference section */

/* Begin PBXFrameworksBuildPhase section */
		8AC9B4EF2211BB3D006B83AC /* Frameworks */ = {
			isa = PBXFrameworksBuildPhase;
			buildActionMask = 2147483647;
			files = (
			);
			runOnlyForDeploymentPostprocessing = 0;
		};
/* End PBXFrameworksBuildPhase section */

/* Begin PBXGroup section */
		8AC9B4E92211BB3D006B83AC = {
			isa = PBXGroup;
			children = (
				8AC9B4F42211BB3D006B83AC /* tutorialPractice */,
				8AC9B4F32211BB3D006B83AC /* Products */,
			);
			sourceTree = "<group>";
		};
		8AC9B4F32211BB3D006B83AC /* Products */ = {
			isa = PBXGroup;
			children = (
				8AC9B4F22211BB3D006B83AC /* tutorialPractice.app */,
			);
			name = Products;
			sourceTree = "<group>";
		};
		8AC9B4F42211BB3D006B83AC /* tutorialPractice */ = {
			isa = PBXGroup;
			children = (
				8AC9B4F52211BB3D006B83AC /* AppDelegate.swift */,
				8AC9B4F72211BB3D006B83AC /* ViewController.swift */,
				8AC9B4F92211BB3D006B83AC /* Main.storyboard */,
				8A3D972D2212800000B67BC0 /* RatingControl.swift */,
				8AC9B4FC2211BB3F006B83AC /* Assets.xcassets */,
				8AC9B4FE2211BB3F006B83AC /* LaunchScreen.storyboard */,
				8AC9B5012211BB3F006B83AC /* Info.plist */,
			);
			path = tutorialPractice;
			sourceTree = "<group>";
		};
/* End PBXGroup section */

/* Begin PBXNativeTarget section */
		8AC9B4F12211BB3D006B83AC /* tutorialPractice */ = {
			isa = PBXNativeTarget;
			buildConfigurationList = 8AC9B5042211BB3F006B83AC /* Build configuration list for PBXNativeTarget "tutorialPractice" */;
			buildPhases = (
				8AC9B4EE2211BB3D006B83AC /* Sources */,
				8AC9B4EF2211BB3D006B83AC /* Frameworks */,
				8AC9B4F02211BB3D006B83AC /* Resources */,
			);
			buildRules = (
			);
			dependencies = (
			);
			name = tutorialPractice;
			productName = tutorialPractice;
			productReference = 8AC9B4F22211BB3D006B83AC /* tutorialPractice.app */;
			productType = "com.apple.product-type.application";
		};
/* End PBXNativeTarget section */

/* Begin PBXProject section */
		8AC9B4EA2211BB3D006B83AC /* Project object */ = {
			isa = PBXProject;
			attributes = {
				LastSwiftUpdateCheck = 1010;
				LastUpgradeCheck = 1010;
				ORGANIZATIONNAME = vinceshao;
				TargetAttributes = {
					8AC9B4F12211BB3D006B83AC = {
						CreatedOnToolsVersion = 10.1;
					};
				};
			};
			buildConfigurationList = 8AC9B4ED2211BB3D006B83AC /* Build configuration list for PBXProject "tutorialPractice" */;
			compatibilityVersion = "Xcode 9.3";
			developmentRegion = en;
			hasScannedForEncodings = 0;
			knownRegions = (
				en,
				Base,
			);
			mainGroup = 8AC9B4E92211BB3D006B83AC;
			productRefGroup = 8AC9B4F32211BB3D006B83AC /* Products */;
			projectDirPath = "";
			projectRoot = "";
			targets = (
				8AC9B4F12211BB3D006B83AC /* tutorialPractice */,
			);
		};
/* End PBXProject section */

/* Begin PBXResourcesBuildPhase section */
		8AC9B4F02211BB3D006B83AC /* Resources */ = {
			isa = PBXResourcesBuildPhase;
			buildActionMask = 2147483647;
			files = (
				8AC9B5002211BB3F006B83AC /* LaunchScreen.storyboard in Resources */,
				8AC9B4FD2211BB3F006B83AC /* Assets.xcassets in Resources */,
				8AC9B4FB2211BB3D006B83AC /* Main.storyboard in Resources */,
			);
			runOnlyForDeploymentPostprocessing = 0;
		};
/* End PBXResourcesBuildPhase section */

/* Begin PBXSourcesBuildPhase section */
		8AC9B4EE2211BB3D006B83AC /* Sources */ = {
			isa = PBXSourcesBuildPhase;
			buildActionMask = 2147483647;
			files = (
				8AC9B4F82211BB3D006B83AC /* ViewController.swift in Sources */,
				8A3D972E2212800000B67BC0 /* RatingControl.swift in Sources */,
				8AC9B4F62211BB3D006B83AC /* AppDelegate.swift in Sources */,
			);
			runOnlyForDeploymentPostprocessing = 0;
		};
/* End PBXSourcesBuildPhase section */

/* Begin PBXVariantGroup section */
		8AC9B4F92211BB3D006B83AC /* Main.storyboard */ = {
			isa = PBXVariantGroup;
			children = (
				8AC9B4FA2211BB3D006B83AC /* Base */,
			);
			name = Main.storyboard;
			sourceTree = "<group>";
		};
		8AC9B4FE2211BB3F006B83AC /* LaunchScreen.storyboard */ = {
			isa = PBXVariantGroup;
			children = (
				8AC9B4FF2211BB3F006B83AC /* Base */,
			);
			name = LaunchScreen.storyboard;
			sourceTree = "<group>";
		};
/* End PBXVariantGroup section */

/* Begin XCBuildConfiguration section */
		8AC9B5022211BB3F006B83AC /* Debug */ = {
			isa = XCBuildConfiguration;
			buildSettings = {
				ALWAYS_SEARCH_USER_PATHS = NO;
				CLANG_ANALYZER_NONNULL = YES;
				CLANG_ANALYZER_NUMBER_OBJECT_CONVERSION = YES_AGGRESSIVE;
				CLANG_CXX_LANGUAGE_STANDARD = "gnu++14";
				CLANG_CXX_LIBRARY = "libc++";
				CLANG_ENABLE_MODULES = YES;
				CLANG_ENABLE_OBJC_ARC = YES;
				CLANG_ENABLE_OBJC_WEAK = YES;
				CLANG_WARN_BLOCK_CAPTURE_AUTORELEASING = YES;
				CLANG_WARN_BOOL_CONVERSION = YES;
				CLANG_WARN_COMMA = YES;
				CLANG_WARN_CONSTANT_CONVERSION = YES;
				CLANG_WARN_DEPRECATED_OBJC_IMPLEMENTATIONS = YES;
				CLANG_WARN_DIRECT_OBJC_ISA_USAGE = YES_ERROR;
				CLANG_WARN_DOCUMENTATION_COMMENTS = YES;
				CLANG_WARN_EMPTY_BODY = YES;
				CLANG_WARN_ENUM_CONVERSION = YES;
				CLANG_WARN_INFINITE_RECURSION = YES;
				CLANG_WARN_INT_CONVERSION = YES;
				CLANG_WARN_NON_LITERAL_NULL_CONVERSION = YES;
				CLANG_WARN_OBJC_IMPLICIT_RETAIN_SELF = YES;
				CLANG_WARN_OBJC_LITERAL_CONVERSION = YES;
				CLANG_WARN_OBJC_ROOT_CLASS = YES_ERROR;
				CLANG_WARN_RANGE_LOOP_ANALYSIS = YES;
				CLANG_WARN_STRICT_PROTOTYPES = YES;
				CLANG_WARN_SUSPICIOUS_MOVE = YES;
				CLANG_WARN_UNGUARDED_AVAILABILITY = YES_AGGRESSIVE;
				CLANG_WARN_UNREACHABLE_CODE = YES;
				CLANG_WARN__DUPLICATE_METHOD_MATCH = YES;
				CODE_SIGN_IDENTITY = "iPhone Developer";
				COPY_PHASE_STRIP = NO;
				DEBUG_INFORMATION_FORMAT = dwarf;
				ENABLE_STRICT_OBJC_MSGSEND = YES;
				ENABLE_TESTABILITY = YES;
				GCC_C_LANGUAGE_STANDARD = gnu11;
				GCC_DYNAMIC_NO_PIC = NO;
				GCC_NO_COMMON_BLOCKS = YES;
				GCC_OPTIMIZATION_LEVEL = 0;
				GCC_PREPROCESSOR_DEFINITIONS = (
					"DEBUG=1",
					"$(inherited)",
				);
				GCC_WARN_64_TO_32_BIT_CONVERSION = YES;
				GCC_WARN_ABOUT_RETURN_TYPE = YES_ERROR;
				GCC_WARN_UNDECLARED_SELECTOR = YES;
				GCC_WARN_UNINITIALIZED_AUTOS = YES_AGGRESSIVE;
				GCC_WARN_UNUSED_FUNCTION = YES;
				GCC_WARN_UNUSED_VARIABLE = YES;
				IPHONEOS_DEPLOYMENT_TARGET = 12.1;
				MTL_ENABLE_DEBUG_INFO = INCLUDE_SOURCE;
				MTL_FAST_MATH = YES;
				ONLY_ACTIVE_ARCH = YES;
				SDKROOT = iphoneos;
				SWIFT_ACTIVE_COMPILATION_CONDITIONS = DEBUG;
				SWIFT_OPTIMIZATION_LEVEL = "-Onone";
			};
			name = Debug;
		};
		8AC9B5032211BB3F006B83AC /* Release */ = {
			isa = XCBuildConfiguration;
			buildSettings = {
				ALWAYS_SEARCH_USER_PATHS = NO;
				CLANG_ANALYZER_NONNULL = YES;
				CLANG_ANALYZER_NUMBER_OBJECT_CONVERSION = YES_AGGRESSIVE;
				CLANG_CXX_LANGUAGE_STANDARD = "gnu++14";
				CLANG_CXX_LIBRARY = "libc++";
				CLANG_ENABLE_MODULES = YES;
				CLANG_ENABLE_OBJC_ARC = YES;
				CLANG_ENABLE_OBJC_WEAK = YES;
				CLANG_WARN_BLOCK_CAPTURE_AUTORELEASING = YES;
				CLANG_WARN_BOOL_CONVERSION = YES;
				CLANG_WARN_COMMA = YES;
				CLANG_WARN_CONSTANT_CONVERSION = YES;
				CLANG_WARN_DEPRECATED_OBJC_IMPLEMENTATIONS = YES;
				CLANG_WARN_DIRECT_OBJC_ISA_USAGE = YES_ERROR;
				CLANG_WARN_DOCUMENTATION_COMMENTS = YES;
				CLANG_WARN_EMPTY_BODY = YES;
				CLANG_WARN_ENUM_CONVERSION = YES;
				CLANG_WARN_INFINITE_RECURSION = YES;
				CLANG_WARN_INT_CONVERSION = YES;
				CLANG_WARN_NON_LITERAL_NULL_CONVERSION = YES;
				CLANG_WARN_OBJC_IMPLICIT_RETAIN_SELF = YES;
				CLANG_WARN_OBJC_LITERAL_CONVERSION = YES;
				CLANG_WARN_OBJC_ROOT_CLASS = YES_ERROR;
				CLANG_WARN_RANGE_LOOP_ANALYSIS = YES;
				CLANG_WARN_STRICT_PROTOTYPES = YES;
				CLANG_WARN_SUSPICIOUS_MOVE = YES;
				CLANG_WARN_UNGUARDED_AVAILABILITY = YES_AGGRESSIVE;
				CLANG_WARN_UNREACHABLE_CODE = YES;
				CLANG_WARN__DUPLICATE_METHOD_MATCH = YES;
				CODE_SIGN_IDENTITY = "iPhone Developer";
				COPY_PHASE_STRIP = NO;
				DEBUG_INFORMATION_FORMAT = "dwarf-with-dsym";
				ENABLE_NS_ASSERTIONS = NO;
				ENABLE_STRICT_OBJC_MSGSEND = YES;
				GCC_C_LANGUAGE_STANDARD = gnu11;
				GCC_NO_COMMON_BLOCKS = YES;
				GCC_WARN_64_TO_32_BIT_CONVERSION = YES;
				GCC_WARN_ABOUT_RETURN_TYPE = YES_ERROR;
				GCC_WARN_UNDECLARED_SELECTOR = YES;
				GCC_WARN_UNINITIALIZED_AUTOS = YES_AGGRESSIVE;
				GCC_WARN_UNUSED_FUNCTION = YES;
				GCC_WARN_UNUSED_VARIABLE = YES;
				IPHONEOS_DEPLOYMENT_TARGET = 12.1;
				MTL_ENABLE_DEBUG_INFO = NO;
				MTL_FAST_MATH = YES;
				SDKROOT = iphoneos;
				SWIFT_COMPILATION_MODE = wholemodule;
				SWIFT_OPTIMIZATION_LEVEL = "-O";
				VALIDATE_PRODUCT = YES;
			};
			name = Release;
		};
		8AC9B5052211BB3F006B83AC /* Debug */ = {
			isa = XCBuildConfiguration;
			buildSettings = {
				ASSETCATALOG_COMPILER_APPICON_NAME = AppIcon;
				CODE_SIGN_STYLE = Automatic;
				DEVELOPMENT_TEAM = 77CM565RWP;
				INFOPLIST_FILE = tutorialPractice/Info.plist;
				LD_RUNPATH_SEARCH_PATHS = (
					"$(inherited)",
					"@executable_path/Frameworks",
				);
				PRODUCT_BUNDLE_IDENTIFIER = com.vinceshao.tutorialPractice;
				PRODUCT_NAME = "$(TARGET_NAME)";
				SWIFT_VERSION = 4.2;
				TARGETED_DEVICE_FAMILY = "1,2";
			};
			name = Debug;
		};
		8AC9B5062211BB3F006B83AC /* Release */ = {
			isa = XCBuildConfiguration;
			buildSettings = {
				ASSETCATALOG_COMPILER_APPICON_NAME = AppIcon;
				CODE_SIGN_STYLE = Automatic;
				DEVELOPMENT_TEAM = 77CM565RWP;
				INFOPLIST_FILE = tutorialPractice/Info.plist;
				LD_RUNPATH_SEARCH_PATHS = (
					"$(inherited)",
					"@executable_path/Frameworks",
				);
				PRODUCT_BUNDLE_IDENTIFIER = com.vinceshao.tutorialPractice;
				PRODUCT_NAME = "$(TARGET_NAME)";
				SWIFT_VERSION = 4.2;
				TARGETED_DEVICE_FAMILY = "1,2";
			};
			name = Release;
		};
/* End XCBuildConfiguration section */

/* Begin XCConfigurationList section */
		8AC9B4ED2211BB3D006B83AC /* Build configuration list for PBXProject "tutorialPractice" */ = {
			isa = XCConfigurationList;
			buildConfigurations = (
				8AC9B5022211BB3F006B83AC /* Debug */,
				8AC9B5032211BB3F006B83AC /* Release */,
			);
			defaultConfigurationIsVisible = 0;
			defaultConfigurationName = Release;
		};
		8AC9B5042211BB3F006B83AC /* Build configuration list for PBXNativeTarget "tutorialPractice" */ = {
			isa = XCConfigurationList;
			buildConfigurations = (
				8AC9B5052211BB3F006B83AC /* Debug */,
				8AC9B5062211BB3F006B83AC /* Release */,
			);
			defaultConfigurationIsVisible = 0;
			defaultConfigurationName = Release;
		};
/* End XCConfigurationList section */
	};
	rootObject = 8AC9B4EA2211BB3D006B83AC /* Project object */;
}
